
Microsoft Visual Studio Solution File, Format Version 12.00
# Visual Studio Version 16
VisualStudioVersion = 16.0.29926.136
MinimumVisualStudioVersion = 10.0.40219.1
Project("{FAE04EC0-301F-11D3-BF4B-00C04F79EFBC}") = "appproyecto.Android", "appproyecto\appproyecto.Android\appproyecto.Android.csproj", "{64445715-B57F-4772-9C1B-5B811B6A6F3A}"
EndProject
Project("{FAE04EC0-301F-11D3-BF4B-00C04F79EFBC}") = "appproyecto.iOS", "appproyecto\appproyecto.iOS\appproyecto.iOS.csproj", "{3F7EB196-3C54-4F3C-A9FD-5841A8AFA5B1}"
EndProject
Project("{FAE04EC0-301F-11D3-BF4B-00C04F79EFBC}") = "appproyecto", "appproyecto\appproyecto\appproyecto.csproj", "{59C6F2B5-57AF-419A-9343-C1FAD7138DF6}"
EndProject
Global
	GlobalSection(SolutionConfigurationPlatforms) = preSolution
		Debug|Any CPU = Debug|Any CPU
		Debug|iPhone = Debug|iPhone
		Debug|iPhoneSimulator = Debug|iPhoneSimulator
		Release|Any CPU = Release|Any CPU
		Release|iPhone = Release|iPhone
		Release|iPhoneSimulator = Release|iPhoneSimulator
	EndGlobalSection
	GlobalSection(ProjectConfigurationPlatforms) = postSolution
		{64445715-B57F-4772-9C1B-5B811B6A6F3A}.Debug|Any CPU.ActiveCfg = Debug|Any CPU
		{64445715-B57F-4772-9C1B-5B811B6A6F3A}.Debug|Any CPU.Build.0 = Debug|Any CPU
		{64445715-B57F-4772-9C1B-5B811B6A6F3A}.Debug|Any CPU.Deploy.0 = Debug|Any CPU
		{64445715-B57F-4772-9C1B-5B811B6A6F3A}.Debug|iPhone.ActiveCfg = Debug|Any CPU
		{64445715-B57F-4772-9C1B-5B811B6A6F3A}.Debug|iPhone.Build.0 = Debug|Any CPU
		{64445715-B57F-4772-9C1B-5B811B6A6F3A}.Debug|iPhone.Deploy.0 = Debug|Any CPU
		{64445715-B57F-4772-9C1B-5B811B6A6F3A}.Debug|iPhoneSimulator.ActiveCfg = Debug|Any CPU
		{64445715-B57F-4772-9C1B-5B811B6A6F3A}.Debug|iPhoneSimulator.Build.0 = Debug|Any CPU
		{64445715-B57F-4772-9C1B-5B811B6A6F3A}.Debug|iPhoneSimulator.Deploy.0 = Debug|Any CPU
		{64445715-B57F-4772-9C1B-5B811B6A6F3A}.Release|Any CPU.ActiveCfg = Release|Any CPU
		{64445715-B57F-4772-9C1B-5B811B6A6F3A}.Release|Any CPU.Build.0 = Release|Any CPU
		{64445715-B57F-4772-9C1B-5B811B6A6F3A}.Release|Any CPU.Deploy.0 = Release|Any CPU
		{64445715-B57F-4772-9C1B-5B811B6A6F3A}.Release|iPhone.ActiveCfg = Release|Any CPU
		{64445715-B57F-4772-9C1B-5B811B6A6F3A}.Release|iPhone.Build.0 = Release|Any CPU
		{64445715-B57F-4772-9C1B-5B811B6A6F3A}.Release|iPhone.Deploy.0 = Release|Any CPU
		{64445715-B57F-4772-9C1B-5B811B6A6F3A}.Release|iPhoneSimulator.ActiveCfg = Release|Any CPU
		{64445715-B57F-4772-9C1B-5B811B6A6F3A}.Release|iPhoneSimulator.Build.0 = Release|Any CPU
		{64445715-B57F-4772-9C1B-5B811B6A6F3A}.Release|iPhoneSimulator.Deploy.0 = Release|Any CPU
		{3F7EB196-3C54-4F3C-A9FD-5841A8AFA5B1}.Debug|Any CPU.ActiveCfg = Debug|iPhone
		{3F7EB196-3C54-4F3C-A9FD-5841A8AFA5B1}.Debug|Any CPU.Build.0 = Debug|iPhone
		{3F7EB196-3C54-4F3C-A9FD-5841A8AFA5B1}.Debug|Any CPU.Deploy.0 = Debug|iPhone
		{3F7EB196-3C54-4F3C-A9FD-5841A8AFA5B1}.Debug|iPhone.ActiveCfg = Debug|iPhone
		{3F7EB196-3C54-4F3C-A9FD-5841A8AFA5B1}.Debug|iPhone.Build.0 = Debug|iPhone
		{3F7EB196-3C54-4F3C-A9FD-5841A8AFA5B1}.Debug|iPhone.Deploy.0 = Debug|iPhone
		{3F7EB196-3C54-4F3C-A9FD-5841A8AFA5B1}.Debug|iPhoneSimulator.ActiveCfg = Debug|iPhoneSimulator
		{3F7EB196-3C54-4F3C-A9FD-5841A8AFA5B1}.Debug|iPhoneSimulator.Build.0 = Debug|iPhoneSimulator
		{3F7EB196-3C54-4F3C-A9FD-5841A8AFA5B1}.Debug|iPhoneSimulator.Deploy.0 = Debug|iPhoneSimulator
		{3F7EB196-3C54-4F3C-A9FD-5841A8AFA5B1}.Release|Any CPU.ActiveCfg = Release|iPhone
		{3F7EB196-3C54-4F3C-A9FD-5841A8AFA5B1}.Release|Any CPU.Build.0 = Release|iPhone
		{3F7EB196-3C54-4F3C-A9FD-5841A8AFA5B1}.Release|Any CPU.Deploy.0 = Release|iPhone
		{3F7EB196-3C54-4F3C-A9FD-5841A8AFA5B1}.Release|iPhone.ActiveCfg = Release|iPhone
		{3F7EB196-3C54-4F3C-A9FD-5841A8AFA5B1}.Release|iPhone.Build.0 = Release|iPhone
		{3F7EB196-3C54-4F3C-A9FD-5841A8AFA5B1}.Release|iPhone.Deploy.0 = Release|iPhone
		{3F7EB196-3C54-4F3C-A9FD-5841A8AFA5B1}.Release|iPhoneSimulator.ActiveCfg = Release|iPhoneSimulator
		{3F7EB196-3C54-4F3C-A9FD-5841A8AFA5B1}.Release|iPhoneSimulator.Build.0 = Release|iPhoneSimulator
		{3F7EB196-3C54-4F3C-A9FD-5841A8AFA5B1}.Release|iPhoneSimulator.Deploy.0 = Release|iPhoneSimulator
		{59C6F2B5-57AF-419A-9343-C1FAD7138DF6}.Debug|Any CPU.ActiveCfg = Debug|Any CPU
		{59C6F2B5-57AF-419A-9343-C1FAD7138DF6}.Debug|Any CPU.Build.0 = Debug|Any CPU
		{59C6F2B5-57AF-419A-9343-C1FAD7138DF6}.Debug|Any CPU.Deploy.0 = Debug|Any CPU
		{59C6F2B5-57AF-419A-9343-C1FAD7138DF6}.Debug|iPhone.ActiveCfg = Debug|Any CPU
		{59C6F2B5-57AF-419A-9343-C1FAD7138DF6}.Debug|iPhone.Build.0 = Debug|Any CPU
		{59C6F2B5-57AF-419A-9343-C1FAD7138DF6}.Debug|iPhone.Deploy.0 = Debug|Any CPU
		{59C6F2B5-57AF-419A-9343-C1FAD7138DF6}.Debug|iPhoneSimulator.ActiveCfg = Debug|Any CPU
		{59C6F2B5-57AF-419A-9343-C1FAD7138DF6}.Debug|iPhoneSimulator.Build.0 = Debug|Any CPU
		{59C6F2B5-57AF-419A-9343-C1FAD7138DF6}.Debug|iPhoneSimulator.Deploy.0 = Debug|Any CPU
		{59C6F2B5-57AF-419A-9343-C1FAD7138DF6}.Release|Any CPU.ActiveCfg = Release|Any CPU
		{59C6F2B5-57AF-419A-9343-C1FAD7138DF6}.Release|Any CPU.Build.0 = Release|Any CPU
		{59C6F2B5-57AF-419A-9343-C1FAD7138DF6}.Release|Any CPU.Deploy.0 = Release|Any CPU
		{59C6F2B5-57AF-419A-9343-C1FAD7138DF6}.Release|iPhone.ActiveCfg = Release|Any CPU
		{59C6F2B5-57AF-419A-9343-C1FAD7138DF6}.Release|iPhone.Build.0 = Release|Any CPU
		{59C6F2B5-57AF-419A-9343-C1FAD7138DF6}.Release|iPhone.Deploy.0 = Release|Any CPU
		{59C6F2B5-57AF-419A-9343-C1FAD7138DF6}.Release|iPhoneSimulator.ActiveCfg = Release|Any CPU
		{59C6F2B5-57AF-419A-9343-C1FAD7138DF6}.Release|iPhoneSimulator.Build.0 = Release|Any CPU
		{59C6F2B5-57AF-419A-9343-C1FAD7138DF6}.Release|iPhoneSimulator.Deploy.0 = Release|Any CPU
	EndGlobalSection
	GlobalSection(SolutionProperties) = preSolution
		HideSolutionNode = FALSE
	EndGlobalSection
	GlobalSection(ExtensibilityGlobals) = postSolution
		SolutionGuid = {7A7E8492-D700-46F9-99F0-8E92602E0A9B}
	EndGlobalSection
EndGlobal
